
Microsoft Visual Studio Solution File, Format Version 12.00
Project("{FAE04EC0-301F-11D3-BF4B-00C04F79EFBC}") = "Two Pointers Pattern", "Two Pointers Pattern.csproj", "{36E5DB92-320E-42D5-A6DA-F5175A5A541C}"
EndProject
Global
	GlobalSection(SolutionConfigurationPlatforms) = preSolution
		Debug|Any CPU = Debug|Any CPU
		Release|Any CPU = Release|Any CPU
	EndGlobalSection
	GlobalSection(ProjectConfigurationPlatforms) = postSolution
		{36E5DB92-320E-42D5-A6DA-F5175A5A541C}.Debug|Any CPU.ActiveCfg = Debug|Any CPU
		{36E5DB92-320E-42D5-A6DA-F5175A5A541C}.Debug|Any CPU.Build.0 = Debug|Any CPU
		{36E5DB92-320E-42D5-A6DA-F5175A5A541C}.Release|Any CPU.ActiveCfg = Release|Any CPU
		{36E5DB92-320E-42D5-A6DA-F5175A5A541C}.Release|Any CPU.Build.0 = Release|Any CPU
	EndGlobalSection
EndGlobal
