
Microsoft Visual Studio Solution File, Format Version 12.00
Project("{FAE04EC0-301F-11D3-BF4B-00C04F79EFBC}") = "Binary Search Algorithm", "Binary Search Algorithm.csproj", "{C3A3D8DC-1285-41EB-B030-4B22830755B5}"
EndProject
Global
	GlobalSection(SolutionConfigurationPlatforms) = preSolution
		Debug|Any CPU = Debug|Any CPU
		Release|Any CPU = Release|Any CPU
	EndGlobalSection
	GlobalSection(ProjectConfigurationPlatforms) = postSolution
		{C3A3D8DC-1285-41EB-B030-4B22830755B5}.Debug|Any CPU.ActiveCfg = Debug|Any CPU
		{C3A3D8DC-1285-41EB-B030-4B22830755B5}.Debug|Any CPU.Build.0 = Debug|Any CPU
		{C3A3D8DC-1285-41EB-B030-4B22830755B5}.Release|Any CPU.ActiveCfg = Release|Any CPU
		{C3A3D8DC-1285-41EB-B030-4B22830755B5}.Release|Any CPU.Build.0 = Release|Any CPU
	EndGlobalSection
EndGlobal
